# THIS IS AN AUTOGENERATED FILE. DO NOT EDIT THIS FILE DIRECTLY.
# yarn lockfile v1


"@esbuild/android-arm@0.15.18":
  version "0.15.18"
  resolved "https://registry.yarnpkg.com/@esbuild/android-arm/-/android-arm-0.15.18.tgz#266d40b8fdcf87962df8af05b76219bc786b4f80"
  integrity sha512-5GT+kcs2WVGjVs7+boataCkO5Fg0y4kCjzkB5bAip7H4jfnOS3dA6KPiww9W1OEKTKeAcUVhdZGvgI65OXmUnw==

"@esbuild/linux-loong64@0.15.18":
  version "0.15.18"
  resolved "https://registry.yarnpkg.com/@esbuild/linux-loong64/-/linux-loong64-0.15.18.tgz#128b76ecb9be48b60cf5cfc1c63a4f00691a3239"
  integrity sha512-L4jVKS82XVhw2nvzLg/19ClLWg0y27ulRwuP7lcyL6AbUWB5aPglXY3M21mauDQMDfRLs8cQmeT03r/+X3cZYQ==

"@thi.ng/api@^8.5.0", "@thi.ng/api@^8.5.1":
  version "8.5.1"
  resolved "https://registry.yarnpkg.com/@thi.ng/api/-/api-8.5.1.tgz#516897af32df4590af231eb1049cd3092366582c"
  integrity sha512-do3TvVxebiorZfZGGClu8kc8vcQJ0al+vRdWGXTgTKeJ/ClLQGsrShIV45TCSJndjOSrjNA4cYgbzLeFKf/CPg==

"@thi.ng/arrays@^2.4.4":
  version "2.4.4"
  resolved "https://registry.yarnpkg.com/@thi.ng/arrays/-/arrays-2.4.4.tgz#e55cad14166ebe2fa25e5993b772816ddee8e5c3"
  integrity sha512-OE4kh394kyryrpPT0+C2vfv4KfHDzET6oDf2kGJe2bIgDHS09brnb1uRIa/MzxUfG4rLinWmX6d6uNgwBb+rqw==
  dependencies:
    "@thi.ng/api" "^8.5.1"
    "@thi.ng/checks" "^3.3.4"
    "@thi.ng/compare" "^2.1.18"
    "@thi.ng/equiv" "^2.1.14"
    "@thi.ng/errors" "^2.2.5"
    "@thi.ng/random" "^3.3.17"

"@thi.ng/associative@^6.2.18":
  version "6.2.18"
  resolved "https://registry.yarnpkg.com/@thi.ng/associative/-/associative-6.2.18.tgz#9adc1cb3f4755154001743806d9c78718a19e403"
  integrity sha512-BnqAwmBpu9LL/Kpu19iJhpvWHeKLGtpqXUIIGgUMz1EPPJp3kQYcpjwUTCfaidr4UlZBP1PDc0j1z67Q8mbi4A==
  dependencies:
    "@thi.ng/api" "^8.5.1"
    "@thi.ng/arrays" "^2.4.4"
    "@thi.ng/binary" "^3.3.12"
    "@thi.ng/checks" "^3.3.4"
    "@thi.ng/compare" "^2.1.18"
    "@thi.ng/dcons" "^3.2.25"
    "@thi.ng/equiv" "^2.1.14"
    "@thi.ng/errors" "^2.2.5"
    "@thi.ng/transducers" "^8.3.25"
    tslib "^2.4.1"

"@thi.ng/atom@^5.1.24":
  version "5.1.24"
  resolved "https://registry.yarnpkg.com/@thi.ng/atom/-/atom-5.1.24.tgz#ab62df8104515c6a20dc22bc5b54a2f244d17e28"
  integrity sha512-wrhr3D3z8A4lmRL2IbafSLUj/V4y61sOQlTJn5HMEe+1dW5VEUt2X9x2fGPM64hsXIwpvvKMS/xUxSQJ0k58hQ==
  dependencies:
    "@thi.ng/api" "^8.5.1"
    "@thi.ng/equiv" "^2.1.14"
    "@thi.ng/errors" "^2.2.5"
    "@thi.ng/paths" "^5.1.24"
    tslib "^2.4.1"

"@thi.ng/binary@^3.3.12":
  version "3.3.12"
  resolved "https://registry.yarnpkg.com/@thi.ng/binary/-/binary-3.3.12.tgz#7affe5e580a94b20137218ac5c889fcd02b05b0d"
  integrity sha512-MUfA8rXGnILLk9OHYBv3JxZImROeRKZn88pN6n3mrpZzmcGZeyqYa8BA31u0OI/ZRZ4/J1pBVAGACowggegTvQ==
  dependencies:
    "@thi.ng/api" "^8.5.1"

"@thi.ng/checks@^3.3.3", "@thi.ng/checks@^3.3.4":
  version "3.3.4"
  resolved "https://registry.yarnpkg.com/@thi.ng/checks/-/checks-3.3.4.tgz#4e94f4128aed43bf5eee4da37fe58819e97c0db3"
  integrity sha512-w0aQzrxungNyDqyo1OLZOmSMRi3VfyWJoSOt5As0vW0LqUq3qEHjbVmwSR3ty7Y44MJUUH2eXCoZ3McfjTApWQ==
  dependencies:
    tslib "^2.4.1"

"@thi.ng/compare@^2.1.18":
  version "2.1.18"
  resolved "https://registry.yarnpkg.com/@thi.ng/compare/-/compare-2.1.18.tgz#04c08f79758cf059a89fc82be53b2acb18fe7b51"
  integrity sha512-1NokQtrt3GZ3gUKVegl3oawypLQgDBSZTpNU+etzpOaiRSmkQT2c46Krb+UTA5N06gwOMBTp1gPCf1+3KXUrHA==
  dependencies:
    "@thi.ng/api" "^8.5.1"

"@thi.ng/compose@^2.1.20":
  version "2.1.20"
  resolved "https://registry.yarnpkg.com/@thi.ng/compose/-/compose-2.1.20.tgz#d29c8ecc904d7e6c0186b1b82818b7897b583cb8"
  integrity sha512-Sj0PnTjgTo0tPdmW445K9/VB3ipwTtjVPLaFczxF7kLcETK8gmA19wa2SHdrVoFsmRTZyw86oPPnI6RQzX77tw==
  dependencies:
    "@thi.ng/api" "^8.5.1"
    "@thi.ng/errors" "^2.2.5"

"@thi.ng/dcons@^3.2.25":
  version "3.2.25"
  resolved "https://registry.yarnpkg.com/@thi.ng/dcons/-/dcons-3.2.25.tgz#a0b613886ef05f05be066f6ab8d698a6236ab97b"
  integrity sha512-guEWX1Pe0JcFfq4yZD+I4cJA8bGSkcVA3UOCwxE+/+CSJ8/6RibRvwYYxKi7oUexpgpFg1Kw1x78NeOEOYPFyQ==
  dependencies:
    "@thi.ng/api" "^8.5.1"
    "@thi.ng/checks" "^3.3.4"
    "@thi.ng/compare" "^2.1.18"
    "@thi.ng/equiv" "^2.1.14"
    "@thi.ng/errors" "^2.2.5"
    "@thi.ng/random" "^3.3.17"
    "@thi.ng/transducers" "^8.3.25"

"@thi.ng/equiv@^2.1.14":
  version "2.1.14"
  resolved "https://registry.yarnpkg.com/@thi.ng/equiv/-/equiv-2.1.14.tgz#2d89d726b985abf23bba6e9db28526b813f3bd67"
  integrity sha512-+ppcgtmJlupUQgU1Te6mshwINNRqT3UKO2GItGiDEuWXz1wEwLkvomraYuj1hAD93Lzwl41AZg8g9kg6it7RPw==

"@thi.ng/errors@^2.2.4", "@thi.ng/errors@^2.2.5":
  version "2.2.5"
  resolved "https://registry.yarnpkg.com/@thi.ng/errors/-/errors-2.2.5.tgz#7c9d5a5003a2c71bdbed87d5a8df71fbf57373f5"
  integrity sha512-Vq7JyykJx+bHVbFWexHioSrIBYMfhfml8sO8z6UvEr034oOFBEw2JeMikSxk7uQEjmLX9JjtOscFpfETelxEtg==

"@thi.ng/hex@^2.3.1":
  version "2.3.1"
  resolved "https://registry.yarnpkg.com/@thi.ng/hex/-/hex-2.3.1.tgz#ae3790a593f2a2b2f055b62a60d88d762f11b885"
  integrity sha512-jSBrcoNSnhdX9/S7+WqF/KwEIrf7h2r1xv2Cz4p0EMRxA+ke7brfygnpko7nXGVlLemPnkemwd4gtV6hnzlEPg==

"@thi.ng/hiccup@^4.2.24":
  version "4.2.25"
  resolved "https://registry.yarnpkg.com/@thi.ng/hiccup/-/hiccup-4.2.25.tgz#45d5ff573a38e1b5a4c878c5145831f5cb38f438"
  integrity sha512-O7YZQb+QBk0y+Cc9ukydHwK/Auc1kYt5eLF9D14kUxptpbLDl6CMePUWGo46l/srSQIidYK+vJbsPPQ4X/gjtA==
  dependencies:
    "@thi.ng/api" "^8.5.1"
    "@thi.ng/checks" "^3.3.4"
    "@thi.ng/errors" "^2.2.5"
    "@thi.ng/strings" "^3.3.19"

"@thi.ng/logger@^1.4.4":
  version "1.4.4"
  resolved "https://registry.yarnpkg.com/@thi.ng/logger/-/logger-1.4.4.tgz#44a68248b745d931b74eb2894665b3c75680b2ba"
  integrity sha512-VG77va4cgUvq/lmreQRH335pQ2W1c4ERG/DjL1sFjXGhcHuug583leTQNEl4BVy7JDmr4sSWzM7VQG5vauzyMQ==

"@thi.ng/math@^5.3.15":
  version "5.3.15"
  resolved "https://registry.yarnpkg.com/@thi.ng/math/-/math-5.3.15.tgz#814e4b0ac254606f65a7de8c9aab7da4966da5f5"
  integrity sha512-0qhX8DnL8ayu/5fCDmHSow/fsKRjoLK49qVbWlDv9ykzXOqQBdJt+TKpy7l+EoOzttZu2NamRdN4NRKjpZc4Kg==
  dependencies:
    "@thi.ng/api" "^8.5.1"

"@thi.ng/memoize@^3.1.18":
  version "3.1.18"
  resolved "https://registry.yarnpkg.com/@thi.ng/memoize/-/memoize-3.1.18.tgz#c118a8d0460b8f3e6d1c14e7007dbbca49d234ef"
  integrity sha512-su7T+UQF+YDQg4RaPUkiQ+hckGaYVCyvnbKwnrPRvjFmpvDljbcTMZJ5yhf9qCsfjbn4WoYjELw+wIBi5Ctqyg==
  dependencies:
    "@thi.ng/api" "^8.5.1"

"@thi.ng/paths@^5.1.23", "@thi.ng/paths@^5.1.24":
  version "5.1.24"
  resolved "https://registry.yarnpkg.com/@thi.ng/paths/-/paths-5.1.24.tgz#dd8ab170e31377c41082b133a30bd315ddcb39d7"
  integrity sha512-Gk+RNhVLqgQEvhk3I9bsaTDbaACTTGNR4hbyJ6p3Ue7QJCrDWRji9giVP9f+8fVWyG6I8seSU5xcqt+aZmM3UA==
  dependencies:
    "@thi.ng/api" "^8.5.1"
    "@thi.ng/checks" "^3.3.4"
    "@thi.ng/errors" "^2.2.5"

"@thi.ng/prefixes@^2.1.13":
  version "2.1.14"
  resolved "https://registry.yarnpkg.com/@thi.ng/prefixes/-/prefixes-2.1.14.tgz#ed4e17459cbb2b42cc24e83acfcf9d630c9395b2"
  integrity sha512-qcCa5VAZQ7ybsoIOuihw4qstu20+SPuaqhQHIMi+DFYqUa+zvddqgGYW4hFIxXBQak2YnO8JtJ+L+zjnTnHI7w==

"@thi.ng/random@^3.3.17":
  version "3.3.17"
  resolved "https://registry.yarnpkg.com/@thi.ng/random/-/random-3.3.17.tgz#dad7fb9d2d1c7ff80e8a8821e426207c8f71b3f9"
  integrity sha512-kStVcKLP1T1OXaBEy5/hO4/QygW+Q4tz+uNdCz0nGy8C8RQ4eEnRPtYtuv53S0bLXq9U9eguUWvHyZBK0l9umw==
  dependencies:
    "@thi.ng/api" "^8.5.1"
    "@thi.ng/checks" "^3.3.4"
    "@thi.ng/errors" "^2.2.5"
    "@thi.ng/hex" "^2.3.1"

"@thi.ng/rdom@^0.9.14":
  version "0.9.20"
  resolved "https://registry.yarnpkg.com/@thi.ng/rdom/-/rdom-0.9.20.tgz#650ec0c26971e00c5157a3009c2c8e2f36ae3fbb"
  integrity sha512-WC4w4abdd7k27etvhyf7uxETyW/cp3uuqNXfHlb3Ifuns1dFHC+ZJNnDUONJUaUcerzochwpwH9c9t6O3ukNXQ==
  dependencies:
    "@thi.ng/api" "^8.5.0"
    "@thi.ng/checks" "^3.3.3"
    "@thi.ng/errors" "^2.2.4"
    "@thi.ng/hiccup" "^4.2.24"
    "@thi.ng/paths" "^5.1.23"
    "@thi.ng/prefixes" "^2.1.13"
    "@thi.ng/rstream" "^7.2.29"
    "@thi.ng/strings" "^3.3.18"

"@thi.ng/rstream@^7.2.29":
  version "7.2.30"
  resolved "https://registry.yarnpkg.com/@thi.ng/rstream/-/rstream-7.2.30.tgz#13a263dad0fd2a22bce63acf4265174ca6d8b974"
  integrity sha512-a9aHg0bcBkvGeDyxxq6ed41nUav29EtT7MEWJOluLssk15oDcAgikvRjPFKcsEwyfIyKC2SEDjHgI8ywVNMZXA==
  dependencies:
    "@thi.ng/api" "^8.5.1"
    "@thi.ng/arrays" "^2.4.4"
    "@thi.ng/associative" "^6.2.18"
    "@thi.ng/atom" "^5.1.24"
    "@thi.ng/checks" "^3.3.4"
    "@thi.ng/errors" "^2.2.5"
    "@thi.ng/logger" "^1.4.4"
    "@thi.ng/transducers" "^8.3.25"

"@thi.ng/strings@^3.3.18", "@thi.ng/strings@^3.3.19":
  version "3.3.19"
  resolved "https://registry.yarnpkg.com/@thi.ng/strings/-/strings-3.3.19.tgz#2d02d65dd5f31a1c7230acf91fe292bb51307b99"
  integrity sha512-C/yyDJiyNmyCiFip6NoNgWuu9LgXqJF1LKs0UfPn4SYXGNBhEi+dePGQGjZOmOpvxkJPYOkg7tFyzrnHYyQ40g==
  dependencies:
    "@thi.ng/api" "^8.5.1"
    "@thi.ng/errors" "^2.2.5"
    "@thi.ng/hex" "^2.3.1"
    "@thi.ng/memoize" "^3.1.18"

"@thi.ng/transducers@^8.3.25":
  version "8.3.25"
  resolved "https://registry.yarnpkg.com/@thi.ng/transducers/-/transducers-8.3.25.tgz#b558c5e7d59acbface67aaef3185612b6ab9cdf4"
  integrity sha512-xg/XH75t9royaNdBXDbLts9PaJhpZnNEpchmXYJMeMkrK38wel+N4l4IQ0SLYiR9JUHc5rlBdO/ZpW0Dxi+YVA==
  dependencies:
    "@thi.ng/api" "^8.5.1"
    "@thi.ng/arrays" "^2.4.4"
    "@thi.ng/checks" "^3.3.4"
    "@thi.ng/compare" "^2.1.18"
    "@thi.ng/compose" "^2.1.20"
    "@thi.ng/errors" "^2.2.5"
    "@thi.ng/math" "^5.3.15"
    "@thi.ng/random" "^3.3.17"

esbuild-android-64@0.15.18:
  version "0.15.18"
  resolved "https://registry.yarnpkg.com/esbuild-android-64/-/esbuild-android-64-0.15.18.tgz#20a7ae1416c8eaade917fb2453c1259302c637a5"
  integrity sha512-wnpt3OXRhcjfIDSZu9bnzT4/TNTDsOUvip0foZOUBG7QbSt//w3QV4FInVJxNhKc/ErhUxc5z4QjHtMi7/TbgA==

esbuild-android-arm64@0.15.18:
  version "0.15.18"
  resolved "https://registry.yarnpkg.com/esbuild-android-arm64/-/esbuild-android-arm64-0.15.18.tgz#9cc0ec60581d6ad267568f29cf4895ffdd9f2f04"
  integrity sha512-G4xu89B8FCzav9XU8EjsXacCKSG2FT7wW9J6hOc18soEHJdtWu03L3TQDGf0geNxfLTtxENKBzMSq9LlbjS8OQ==

esbuild-darwin-64@0.15.18:
  version "0.15.18"
  resolved "https://registry.yarnpkg.com/esbuild-darwin-64/-/esbuild-darwin-64-0.15.18.tgz#428e1730ea819d500808f220fbc5207aea6d4410"
  integrity sha512-2WAvs95uPnVJPuYKP0Eqx+Dl/jaYseZEUUT1sjg97TJa4oBtbAKnPnl3b5M9l51/nbx7+QAEtuummJZW0sBEmg==

esbuild-darwin-arm64@0.15.18:
  version "0.15.18"
  resolved "https://registry.yarnpkg.com/esbuild-darwin-arm64/-/esbuild-darwin-arm64-0.15.18.tgz#b6dfc7799115a2917f35970bfbc93ae50256b337"
  integrity sha512-tKPSxcTJ5OmNb1btVikATJ8NftlyNlc8BVNtyT/UAr62JFOhwHlnoPrhYWz09akBLHI9nElFVfWSTSRsrZiDUA==

esbuild-freebsd-64@0.15.18:
  version "0.15.18"
  resolved "https://registry.yarnpkg.com/esbuild-freebsd-64/-/esbuild-freebsd-64-0.15.18.tgz#4e190d9c2d1e67164619ae30a438be87d5eedaf2"
  integrity sha512-TT3uBUxkteAjR1QbsmvSsjpKjOX6UkCstr8nMr+q7zi3NuZ1oIpa8U41Y8I8dJH2fJgdC3Dj3CXO5biLQpfdZA==

esbuild-freebsd-arm64@0.15.18:
  version "0.15.18"
  resolved "https://registry.yarnpkg.com/esbuild-freebsd-arm64/-/esbuild-freebsd-arm64-0.15.18.tgz#18a4c0344ee23bd5a6d06d18c76e2fd6d3f91635"
  integrity sha512-R/oVr+X3Tkh+S0+tL41wRMbdWtpWB8hEAMsOXDumSSa6qJR89U0S/PpLXrGF7Wk/JykfpWNokERUpCeHDl47wA==

esbuild-linux-32@0.15.18:
  version "0.15.18"
  resolved "https://registry.yarnpkg.com/esbuild-linux-32/-/esbuild-linux-32-0.15.18.tgz#9a329731ee079b12262b793fb84eea762e82e0ce"
  integrity sha512-lphF3HiCSYtaa9p1DtXndiQEeQDKPl9eN/XNoBf2amEghugNuqXNZA/ZovthNE2aa4EN43WroO0B85xVSjYkbg==

esbuild-linux-64@0.15.18:
  version "0.15.18"
  resolved "https://registry.yarnpkg.com/esbuild-linux-64/-/esbuild-linux-64-0.15.18.tgz#532738075397b994467b514e524aeb520c191b6c"
  integrity sha512-hNSeP97IviD7oxLKFuii5sDPJ+QHeiFTFLoLm7NZQligur8poNOWGIgpQ7Qf8Balb69hptMZzyOBIPtY09GZYw==

esbuild-linux-arm64@0.15.18:
  version "0.15.18"
  resolved "https://registry.yarnpkg.com/esbuild-linux-arm64/-/esbuild-linux-arm64-0.15.18.tgz#5372e7993ac2da8f06b2ba313710d722b7a86e5d"
  integrity sha512-54qr8kg/6ilcxd+0V3h9rjT4qmjc0CccMVWrjOEM/pEcUzt8X62HfBSeZfT2ECpM7104mk4yfQXkosY8Quptug==

esbuild-linux-arm@0.15.18:
  version "0.15.18"
  resolved "https://registry.yarnpkg.com/esbuild-linux-arm/-/esbuild-linux-arm-0.15.18.tgz#e734aaf259a2e3d109d4886c9e81ec0f2fd9a9cc"
  integrity sha512-UH779gstRblS4aoS2qpMl3wjg7U0j+ygu3GjIeTonCcN79ZvpPee12Qun3vcdxX+37O5LFxz39XeW2I9bybMVA==

esbuild-linux-mips64le@0.15.18:
  version "0.15.18"
  resolved "https://registry.yarnpkg.com/esbuild-linux-mips64le/-/esbuild-linux-mips64le-0.15.18.tgz#c0487c14a9371a84eb08fab0e1d7b045a77105eb"
  integrity sha512-Mk6Ppwzzz3YbMl/ZZL2P0q1tnYqh/trYZ1VfNP47C31yT0K8t9s7Z077QrDA/guU60tGNp2GOwCQnp+DYv7bxQ==

esbuild-linux-ppc64le@0.15.18:
  version "0.15.18"
  resolved "https://registry.yarnpkg.com/esbuild-linux-ppc64le/-/esbuild-linux-ppc64le-0.15.18.tgz#af048ad94eed0ce32f6d5a873f7abe9115012507"
  integrity sha512-b0XkN4pL9WUulPTa/VKHx2wLCgvIAbgwABGnKMY19WhKZPT+8BxhZdqz6EgkqCLld7X5qiCY2F/bfpUUlnFZ9w==

esbuild-linux-riscv64@0.15.18:
  version "0.15.18"
  resolved "https://registry.yarnpkg.com/esbuild-linux-riscv64/-/esbuild-linux-riscv64-0.15.18.tgz#423ed4e5927bd77f842bd566972178f424d455e6"
  integrity sha512-ba2COaoF5wL6VLZWn04k+ACZjZ6NYniMSQStodFKH/Pu6RxzQqzsmjR1t9QC89VYJxBeyVPTaHuBMCejl3O/xg==

esbuild-linux-s390x@0.15.18:
  version "0.15.18"
  resolved "https://registry.yarnpkg.com/esbuild-linux-s390x/-/esbuild-linux-s390x-0.15.18.tgz#21d21eaa962a183bfb76312e5a01cc5ae48ce8eb"
  integrity sha512-VbpGuXEl5FCs1wDVp93O8UIzl3ZrglgnSQ+Hu79g7hZu6te6/YHgVJxCM2SqfIila0J3k0csfnf8VD2W7u2kzQ==

esbuild-netbsd-64@0.15.18:
  version "0.15.18"
  resolved "https://registry.yarnpkg.com/esbuild-netbsd-64/-/esbuild-netbsd-64-0.15.18.tgz#ae75682f60d08560b1fe9482bfe0173e5110b998"
  integrity sha512-98ukeCdvdX7wr1vUYQzKo4kQ0N2p27H7I11maINv73fVEXt2kyh4K4m9f35U1K43Xc2QGXlzAw0K9yoU7JUjOg==

esbuild-openbsd-64@0.15.18:
  version "0.15.18"
  resolved "https://registry.yarnpkg.com/esbuild-openbsd-64/-/esbuild-openbsd-64-0.15.18.tgz#79591a90aa3b03e4863f93beec0d2bab2853d0a8"
  integrity sha512-yK5NCcH31Uae076AyQAXeJzt/vxIo9+omZRKj1pauhk3ITuADzuOx5N2fdHrAKPxN+zH3w96uFKlY7yIn490xQ==

esbuild-sunos-64@0.15.18:
  version "0.15.18"
  resolved "https://registry.yarnpkg.com/esbuild-sunos-64/-/esbuild-sunos-64-0.15.18.tgz#fd528aa5da5374b7e1e93d36ef9b07c3dfed2971"
  integrity sha512-On22LLFlBeLNj/YF3FT+cXcyKPEI263nflYlAhz5crxtp3yRG1Ugfr7ITyxmCmjm4vbN/dGrb/B7w7U8yJR9yw==

esbuild-windows-32@0.15.18:
  version "0.15.18"
  resolved "https://registry.yarnpkg.com/esbuild-windows-32/-/esbuild-windows-32-0.15.18.tgz#0e92b66ecdf5435a76813c4bc5ccda0696f4efc3"
  integrity sha512-o+eyLu2MjVny/nt+E0uPnBxYuJHBvho8vWsC2lV61A7wwTWC3jkN2w36jtA+yv1UgYkHRihPuQsL23hsCYGcOQ==

esbuild-windows-64@0.15.18:
  version "0.15.18"
  resolved "https://registry.yarnpkg.com/esbuild-windows-64/-/esbuild-windows-64-0.15.18.tgz#0fc761d785414284fc408e7914226d33f82420d0"
  integrity sha512-qinug1iTTaIIrCorAUjR0fcBk24fjzEedFYhhispP8Oc7SFvs+XeW3YpAKiKp8dRpizl4YYAhxMjlftAMJiaUw==

esbuild-windows-arm64@0.15.18:
  version "0.15.18"
  resolved "https://registry.yarnpkg.com/esbuild-windows-arm64/-/esbuild-windows-arm64-0.15.18.tgz#5b5bdc56d341d0922ee94965c89ee120a6a86eb7"
  integrity sha512-q9bsYzegpZcLziq0zgUi5KqGVtfhjxGbnksaBFYmWLxeV/S1fK4OLdq2DFYnXcLMjlZw2L0jLsk1eGoB522WXQ==

esbuild@^0.15.9:
  version "0.15.18"
  resolved "https://registry.yarnpkg.com/esbuild/-/esbuild-0.15.18.tgz#ea894adaf3fbc036d32320a00d4d6e4978a2f36d"
  integrity sha512-x/R72SmW3sSFRm5zrrIjAhCeQSAWoni3CmHEqfQrZIQTM3lVCdehdwuIqaOtfC2slvpdlLa62GYoN8SxT23m6Q==
  optionalDependencies:
    "@esbuild/android-arm" "0.15.18"
    "@esbuild/linux-loong64" "0.15.18"
    esbuild-android-64 "0.15.18"
    esbuild-android-arm64 "0.15.18"
    esbuild-darwin-64 "0.15.18"
    esbuild-darwin-arm64 "0.15.18"
    esbuild-freebsd-64 "0.15.18"
    esbuild-freebsd-arm64 "0.15.18"
    esbuild-linux-32 "0.15.18"
    esbuild-linux-64 "0.15.18"
    esbuild-linux-arm "0.15.18"
    esbuild-linux-arm64 "0.15.18"
    esbuild-linux-mips64le "0.15.18"
    esbuild-linux-ppc64le "0.15.18"
    esbuild-linux-riscv64 "0.15.18"
    esbuild-linux-s390x "0.15.18"
    esbuild-netbsd-64 "0.15.18"
    esbuild-openbsd-64 "0.15.18"
    esbuild-sunos-64 "0.15.18"
    esbuild-windows-32 "0.15.18"
    esbuild-windows-64 "0.15.18"
    esbuild-windows-arm64 "0.15.18"

fsevents@~2.3.2:
  version "2.3.2"
  resolved "https://registry.yarnpkg.com/fsevents/-/fsevents-2.3.2.tgz#8a526f78b8fdf4623b709e0b975c52c24c02fd1a"
  integrity sha512-xiqMQR4xAeHTuB9uWm+fFRcIOgKBMiOBP+eXiyT7jsgVCq1bkVygt00oASowB7EdtpOHaaPgKt812P9ab+DDKA==

function-bind@^1.1.1:
  version "1.1.1"
  resolved "https://registry.yarnpkg.com/function-bind/-/function-bind-1.1.1.tgz#a56899d3ea3c9bab874bb9773b7c5ede92f4895d"
  integrity sha512-yIovAzMX49sF8Yl58fSCWJ5svSLuaibPxXQJFLmBObTuCr0Mf1KiPopGM9NiFjiYBCbfaa2Fh6breQ6ANVTI0A==

has@^1.0.3:
  version "1.0.3"
  resolved "https://registry.yarnpkg.com/has/-/has-1.0.3.tgz#722d7cbfc1f6aa8241f16dd814e011e1f41e8796"
  integrity sha512-f2dvO0VU6Oej7RkWJGrehjbzMAjFp5/VKPp5tTpWIV4JHHZK1/BxbFRtf/siA2SWTe09caDmVtYYzWEIbBS4zw==
  dependencies:
    function-bind "^1.1.1"

is-core-module@^2.9.0:
  version "2.11.0"
  resolved "https://registry.yarnpkg.com/is-core-module/-/is-core-module-2.11.0.tgz#ad4cb3e3863e814523c96f3f58d26cc570ff0144"
  integrity sha512-RRjxlvLDkD1YJwDbroBHMb+cukurkDWNyHx7D3oNB5x9rb5ogcksMC5wHCadcXoo67gVr/+3GFySh3134zi6rw==
  dependencies:
    has "^1.0.3"

nanoid@^3.3.4:
  version "3.3.4"
  resolved "https://registry.yarnpkg.com/nanoid/-/nanoid-3.3.4.tgz#730b67e3cd09e2deacf03c027c81c9d9dbc5e8ab"
  integrity sha512-MqBkQh/OHTS2egovRtLk45wEyNXwF+cokD+1YPf9u5VfJiRdAiRwB2froX5Co9Rh20xs4siNPm8naNotSD6RBw==

path-parse@^1.0.7:
  version "1.0.7"
  resolved "https://registry.yarnpkg.com/path-parse/-/path-parse-1.0.7.tgz#fbc114b60ca42b30d9daf5858e4bd68bbedb6735"
  integrity sha512-LDJzPVEEEPR+y48z93A0Ed0yXb8pAByGWo/k5YYdYgpY2/2EsOsksJrq7lOHxryrVOn1ejG6oAp8ahvOIQD8sw==

picocolors@^1.0.0:
  version "1.0.0"
  resolved "https://registry.yarnpkg.com/picocolors/-/picocolors-1.0.0.tgz#cb5bdc74ff3f51892236eaf79d68bc44564ab81c"
  integrity sha512-1fygroTLlHu66zi26VoTDv8yRgm0Fccecssto+MhsZ0D/DGW2sm8E8AjW7NU5VVTRt5GxbeZ5qBuJr+HyLYkjQ==

postcss@^8.4.18:
  version "8.4.19"
  resolved "https://registry.yarnpkg.com/postcss/-/postcss-8.4.19.tgz#61178e2add236b17351897c8bcc0b4c8ecab56fc"
  integrity sha512-h+pbPsyhlYj6N2ozBmHhHrs9DzGmbaarbLvWipMRO7RLS+v4onj26MPFXA5OBYFxyqYhUJK456SwDcY9H2/zsA==
  dependencies:
    nanoid "^3.3.4"
    picocolors "^1.0.0"
    source-map-js "^1.0.2"

resolve@^1.22.1:
  version "1.22.1"
  resolved "https://registry.yarnpkg.com/resolve/-/resolve-1.22.1.tgz#27cb2ebb53f91abb49470a928bba7558066ac177"
  integrity sha512-nBpuuYuY5jFsli/JIs1oldw6fOQCBioohqWZg/2hiaOybXOft4lonv85uDOKXdf8rhyK159cxU5cDcK/NKk8zw==
  dependencies:
    is-core-module "^2.9.0"
    path-parse "^1.0.7"
    supports-preserve-symlinks-flag "^1.0.0"

rollup@^2.79.1:
  version "2.79.1"
  resolved "https://registry.yarnpkg.com/rollup/-/rollup-2.79.1.tgz#bedee8faef7c9f93a2647ac0108748f497f081c7"
  integrity sha512-uKxbd0IhMZOhjAiD5oAFp7BqvkA4Dv47qpOCtaNvng4HBwdbWtdOh8f5nZNuk2rp51PMGk3bzfWu5oayNEuYnw==
  optionalDependencies:
    fsevents "~2.3.2"

source-map-js@^1.0.2:
  version "1.0.2"
  resolved "https://registry.yarnpkg.com/source-map-js/-/source-map-js-1.0.2.tgz#adbc361d9c62df380125e7f161f71c826f1e490c"
  integrity sha512-R0XvVJ9WusLiqTCEiGCmICCMplcCkIwwR11mOSD9CR5u+IXYdiseeEuXCVAjS54zqwkLcPNnmU4OeJ6tUrWhDw==

supports-preserve-symlinks-flag@^1.0.0:
  version "1.0.0"
  resolved "https://registry.yarnpkg.com/supports-preserve-symlinks-flag/-/supports-preserve-symlinks-flag-1.0.0.tgz#6eda4bd344a3c94aea376d4cc31bc77311039e09"
  integrity sha512-ot0WnXS9fgdkgIcePe6RHNk1WA8+muPa6cSjeR3V8K27q9BB1rTE3R1p7Hv0z1ZyAc8s6Vvv8DIyWf681MAt0w==

tslib@^2.4.1:
  version "2.4.1"
  resolved "https://registry.yarnpkg.com/tslib/-/tslib-2.4.1.tgz#0d0bfbaac2880b91e22df0768e55be9753a5b17e"
  integrity sha512-tGyy4dAjRIEwI7BzsB0lynWgOpfqjUdq91XXAlIWD2OwKBH7oCl/GZG/HT4BOHrTlPMOASlMQ7veyTqpmRcrNA==

typescript@^4.6.4:
  version "4.9.4"
  resolved "https://registry.yarnpkg.com/typescript/-/typescript-4.9.4.tgz#a2a3d2756c079abda241d75f149df9d561091e78"
  integrity sha512-Uz+dTXYzxXXbsFpM86Wh3dKCxrQqUcVMxwU54orwlJjOpO3ao8L7j5lH+dWfTwgCwIuM9GQ2kvVotzYJMXTBZg==

vite@^3.1.0:
  version "3.2.5"
  resolved "https://registry.yarnpkg.com/vite/-/vite-3.2.5.tgz#dee5678172a8a0ab3e547ad4148c3d547f90e86a"
  integrity sha512-4mVEpXpSOgrssFZAOmGIr85wPHKvaDAcXqxVxVRZhljkJOMZi1ibLibzjLHzJvcok8BMguLc7g1W6W/GqZbLdQ==
  dependencies:
    esbuild "^0.15.9"
    postcss "^8.4.18"
    resolve "^1.22.1"
    rollup "^2.79.1"
  optionalDependencies:
    fsevents "~2.3.2"
